<?xml version="1.0" encoding="utf-8"?>
<Project ToolsVersion="4.0" xmlns="http://schemas.microsoft.com/developer/msbuild/2003">
  <ItemGroup>
    <Filter Include="소스 파일">
      <UniqueIdentifier>{4FC737F1-C7A5-4376-A066-2A32D752A2FF}</UniqueIdentifier>
      <Extensions>cpp;c;cc;cxx;c++;cppm;ixx;def;odl;idl;hpj;bat;asm;asmx</Extensions>
    </Filter>
    <Filter Include="헤더 파일">
      <UniqueIdentifier>{93995380-89BD-4b04-88EB-625FBE52EBFB}</UniqueIdentifier>
      <Extensions>h;hh;hpp;hxx;h++;hm;inl;inc;ipp;xsd</Extensions>
    </Filter>
    <Filter Include="리소스 파일">
      <UniqueIdentifier>{67DA6AB6-F800-4c08-8B7A-83BB121AAD01}</UniqueIdentifier>
      <Extensions>rc;ico;cur;bmp;dlg;rc2;rct;bin;rgs;gif;jpg;jpeg;jpe;resx;tiff;tif;png;wav;mfcribbon-ms</Extensions>
    </Filter>
  </ItemGroup>
  <ItemGroup>
    <ClCompile Include="calendar.c">
      <Filter>소스 파일</Filter>
    </ClCompile>
    <ClCompile Include="practice02.c">
      <Filter>소스 파일</Filter>
    </ClCompile>
    <ClCompile Include="practice04.c">
      <Filter>소스 파일</Filter>
    </ClCompile>
    <ClCompile Include="practice05.c">
      <Filter>소스 파일</Filter>
    </ClCompile>
    <ClCompile Include="practice06.c">
      <Filter>소스 파일</Filter>
    </ClCompile>
    <ClCompile Include="practice07.c">
      <Filter>소스 파일</Filter>
    </ClCompile>
    <ClCompile Include="practice08.c">
      <Filter>소스 파일</Filter>
    </ClCompile>
    <ClCompile Include="practice09.c">
      <Filter>소스 파일</Filter>
    </ClCompile>
    <ClCompile Include="practice10.c">
      <Filter>소스 파일</Filter>
    </ClCompile>
    <ClCompile Include="practice11.c">
      <Filter>소스 파일</Filter>
    </ClCompile>
    <ClCompile Include="practice12.c">
      <Filter>소스 파일</Filter>
    </ClCompile>
    <ClCompile Include="practice13.c">
      <Filter>소스 파일</Filter>
    </ClCompile>
    <ClCompile Include="quiz01.c">
      <Filter>소스 파일</Filter>
    </ClCompile>
    <ClCompile Include="section02_변수와자료형.c">
      <Filter>소스 파일</Filter>
    </ClCompile>
    <ClCompile Include="section04_기본입출력함수.c">
      <Filter>소스 파일</Filter>
    </ClCompile>
    <ClCompile Include="section05_기본연산자.c">
      <Filter>소스 파일</Filter>
    </ClCompile>
    <ClCompile Include="section06_연산자.c">
      <Filter>소스 파일</Filter>
    </ClCompile>
    <ClCompile Include="section07_조건문.c">
      <Filter>소스 파일</Filter>
    </ClCompile>
    <ClCompile Include="section08_반복문.c">
      <Filter>소스 파일</Filter>
    </ClCompile>
    <ClCompile Include="section09_1차원배열.c">
      <Filter>소스 파일</Filter>
    </ClCompile>
    <ClCompile Include="section10_포인터.c">
      <Filter>소스 파일</Filter>
    </ClCompile>
    <ClCompile Include="section11_포인터와배열.c">
      <Filter>소스 파일</Filter>
    </ClCompile>
    <ClCompile Include="section12_다차원배열.c">
      <Filter>소스 파일</Filter>
    </ClCompile>
    <ClCompile Include="section13_문자와문자열.c">
      <Filter>소스 파일</Filter>
    </ClCompile>
    <ClCompile Include="section14_메모리관리.c">
      <Filter>소스 파일</Filter>
    </ClCompile>
    <ClCompile Include="section15_함수의이해.c">
      <Filter>소스 파일</Filter>
    </ClCompile>
    <ClCompile Include="test.c">
      <Filter>소스 파일</Filter>
    </ClCompile>
    <ClCompile Include="total01.c">
      <Filter>소스 파일</Filter>
    </ClCompile>
    <ClCompile Include="total03-01.c">
      <Filter>소스 파일</Filter>
    </ClCompile>
    <ClCompile Include="total03-02.c">
      <Filter>소스 파일</Filter>
    </ClCompile>
    <ClCompile Include="total03-03.c">
      <Filter>소스 파일</Filter>
    </ClCompile>
    <ClCompile Include="total03-04.c">
      <Filter>소스 파일</Filter>
    </ClCompile>
    <ClCompile Include="total03-05.c">
      <Filter>소스 파일</Filter>
    </ClCompile>
    <ClCompile Include="practice15.c">
      <Filter>소스 파일</Filter>
    </ClCompile>
  </ItemGroup>
</Project>